
Microsoft Visual Studio Solution File, Format Version 12.00
# Visual Studio Version 16
VisualStudioVersion = 16.0.31515.178
MinimumVisualStudioVersion = 10.0.40219.1
Project("{FAE04EC0-301F-11D3-BF4B-00C04F79EFBC}") = "VoiceGenerator", "VoiceGenerator.csproj", "{B04A226D-8FD8-4CFD-91DC-F20E7193EDF4}"
EndProject
Global
	GlobalSection(SolutionConfigurationPlatforms) = preSolution
		Debug|Any CPU = Debug|Any CPU
		Release|Any CPU = Release|Any CPU
	EndGlobalSection
	GlobalSection(ProjectConfigurationPlatforms) = postSolution
		{B04A226D-8FD8-4CFD-91DC-F20E7193EDF4}.Debug|Any CPU.ActiveCfg = Debug|Any CPU
		{B04A226D-8FD8-4CFD-91DC-F20E7193EDF4}.Debug|Any CPU.Build.0 = Debug|Any CPU
		{B04A226D-8FD8-4CFD-91DC-F20E7193EDF4}.Release|Any CPU.ActiveCfg = Release|Any CPU
		{B04A226D-8FD8-4CFD-91DC-F20E7193EDF4}.Release|Any CPU.Build.0 = Release|Any CPU
	EndGlobalSection
	GlobalSection(SolutionProperties) = preSolution
		HideSolutionNode = FALSE
	EndGlobalSection
	GlobalSection(ExtensibilityGlobals) = postSolution
		SolutionGuid = {E20BA68B-ABCF-4069-A86A-318E49895A06}
	EndGlobalSection
EndGlobal
